PODS:
  - lottie-ios (3.1.9)
  - ViewAnimator (2.7.1)

DEPENDENCIES:
  - lottie-ios
  - ViewAnimator (= 2.7.1)

SPEC REPOS:
  trunk:
    - lottie-ios
    - ViewAnimator

SPEC CHECKSUMS:
  lottie-ios: 3a3758ef5a008e762faec9c9d50a39842f26d124
  ViewAnimator: 7512352ec4dec2901b980d16b1256d601c30a44c

PODFILE CHECKSUM: 90af4a5913cfb016eefe993cf5709985de3f41a1

COCOAPODS: 1.9.1
