// !$*UTF8*$!
{
	archiveVersion = 1;
	classes = {
	};
	objectVersion = 51;
	objects = {

/* Begin PBXBuildFile section */
		43B779BAE3CF9486741F8041 /* Pods_BuffaloChicken.framework in Frameworks */ = {isa = PBXBuildFile; fileRef = F837E01982443BD6CAB6D2BC /* Pods_BuffaloChicken.framework */; };
		9F08C41324690F900053CC42 /* AppDelegate.swift in Sources */ = {isa = PBXBuildFile; fileRef = 9F08C41224690F900053CC42 /* AppDelegate.swift */; };
		9F08C41524690F900053CC42 /* SceneDelegate.swift in Sources */ = {isa = PBXBuildFile; fileRef = 9F08C41424690F900053CC42 /* SceneDelegate.swift */; };
		9F08C41724690F900053CC42 /* FindWingsVC.swift in Sources */ = {isa = PBXBuildFile; fileRef = 9F08C41624690F900053CC42 /* FindWingsVC.swift */; };
		9F08C41A24690F900053CC42 /* Main.storyboard in Resources */ = {isa = PBXBuildFile; fileRef = 9F08C41824690F900053CC42 /* Main.storyboard */; };
		9F08C41C24690F910053CC42 /* Assets.xcassets in Resources */ = {isa = PBXBuildFile; fileRef = 9F08C41B24690F910053CC42 /* Assets.xcassets */; };
		9F08C41F24690F910053CC42 /* LaunchScreen.storyboard in Resources */ = {isa = PBXBuildFile; fileRef = 9F08C41D24690F910053CC42 /* LaunchScreen.storyboard */; };
		9F08C42924690FAD0053CC42 /* APIManager.swift in Sources */ = {isa = PBXBuildFile; fileRef = 9F08C42824690FAD0053CC42 /* APIManager.swift */; };
		9F08C42B246914630053CC42 /* PlacesResponse.swift in Sources */ = {isa = PBXBuildFile; fileRef = 9F08C42A246914630053CC42 /* PlacesResponse.swift */; };
		9F20E6732485F5A30085E723 /* SettingsVC.swift in Sources */ = {isa = PBXBuildFile; fileRef = 9F20E6722485F5A30085E723 /* SettingsVC.swift */; };
		9F2334642475895500C06EA3 /* RestaurantAnnotation.swift in Sources */ = {isa = PBXBuildFile; fileRef = 9F2334632475895500C06EA3 /* RestaurantAnnotation.swift */; };
		9F3F41352479A99200F00A56 /* RestaurantDetailVC.swift in Sources */ = {isa = PBXBuildFile; fileRef = 9F3F41342479A99200F00A56 /* RestaurantDetailVC.swift */; };
		9F3F41372479BC5600F00A56 /* Restaurant.swift in Sources */ = {isa = PBXBuildFile; fileRef = 9F3F41362479BC5600F00A56 /* Restaurant.swift */; };
		9F3F413B247B299500F00A56 /* SideMenuVC.swift in Sources */ = {isa = PBXBuildFile; fileRef = 9F3F413A247B299500F00A56 /* SideMenuVC.swift */; };
		9F4A3D2C24899BF3003D6D24 /* PlacesRequest.swift in Sources */ = {isa = PBXBuildFile; fileRef = 9F4A3D2B24899BF3003D6D24 /* PlacesRequest.swift */; };
		9F4A3D2E24899CA4003D6D24 /* DetailRequest.swift in Sources */ = {isa = PBXBuildFile; fileRef = 9F4A3D2D24899CA4003D6D24 /* DetailRequest.swift */; };
		9F71D841247C7535004EF23E /* FilterView.xib in Resources */ = {isa = PBXBuildFile; fileRef = 9F71D840247C7535004EF23E /* FilterView.xib */; };
		9F71D845247C75FD004EF23E /* FilterView.swift in Sources */ = {isa = PBXBuildFile; fileRef = 9F71D844247C75FD004EF23E /* FilterView.swift */; };
		9F79152F247DE9F900C0ECE0 /* Review.swift in Sources */ = {isa = PBXBuildFile; fileRef = 9F79152E247DE9F900C0ECE0 /* Review.swift */; };
		9F791531247EDB4600C0ECE0 /* sidemenu-icon.json in Resources */ = {isa = PBXBuildFile; fileRef = 9F791530247EDB4600C0ECE0 /* sidemenu-icon.json */; };
		9F928758246B578D00E4DCCC /* RestaurantTableViewCell.xib in Resources */ = {isa = PBXBuildFile; fileRef = 9F928757246B578D00E4DCCC /* RestaurantTableViewCell.xib */; };
		9F92875A246B7A7200E4DCCC /* DetailResponse.swift in Sources */ = {isa = PBXBuildFile; fileRef = 9F928759246B7A7200E4DCCC /* DetailResponse.swift */; };
		9F9ABFD9247F6CE500787376 /* fries-icon.json in Resources */ = {isa = PBXBuildFile; fileRef = 9F9ABFD5247F6CE500787376 /* fries-icon.json */; };
		9F9ABFDA247F6CE500787376 /* sauce-icon.json in Resources */ = {isa = PBXBuildFile; fileRef = 9F9ABFD6247F6CE500787376 /* sauce-icon.json */; };
		9F9ABFDB247F6CE500787376 /* spice-icon.json in Resources */ = {isa = PBXBuildFile; fileRef = 9F9ABFD7247F6CE500787376 /* spice-icon.json */; };
		9F9ABFDC247F6CE500787376 /* chicken-icon.json in Resources */ = {isa = PBXBuildFile; fileRef = 9F9ABFD8247F6CE500787376 /* chicken-icon.json */; };
		9F9ABFDE247F761400787376 /* Extensions.swift in Sources */ = {isa = PBXBuildFile; fileRef = 9F9ABFDD247F761400787376 /* Extensions.swift */; };
		9F9ABFE3247F827800787376 /* LottieSwitch.swift in Sources */ = {isa = PBXBuildFile; fileRef = 9F9ABFE2247F827800787376 /* LottieSwitch.swift */; };
		9FB2C03E246B050600650946 /* RestaurantTableViewCell.swift in Sources */ = {isa = PBXBuildFile; fileRef = 9FB2C03D246B050600650946 /* RestaurantTableViewCell.swift */; };
		9FC6D5E224899549002F8044 /* GoogleResponse.swift in Sources */ = {isa = PBXBuildFile; fileRef = 9FC6D5E124899549002F8044 /* GoogleResponse.swift */; };
		9FC6D5E624899815002F8044 /* GoogleRequest.swift in Sources */ = {isa = PBXBuildFile; fileRef = 9FC6D5E524899815002F8044 /* GoogleRequest.swift */; };
		9FD2604D246F24E3003E3443 /* loading-tenders.json in Resources */ = {isa = PBXBuildFile; fileRef = 9FD2604C246F24E2003E3443 /* loading-tenders.json */; };
/* End PBXBuildFile section */

/* Begin PBXFileReference section */
		6BFF46863EFD21005D5672F1 /* Pods-BuffaloChicken.release.xcconfig */ = {isa = PBXFileReference; includeInIndex = 1; lastKnownFileType = text.xcconfig; name = "Pods-BuffaloChicken.release.xcconfig"; path = "Target Support Files/Pods-BuffaloChicken/Pods-BuffaloChicken.release.xcconfig"; sourceTree = "<group>"; };
		9F08C40F24690F900053CC42 /* Wings Near Me.app */ = {isa = PBXFileReference; explicitFileType = wrapper.application; includeInIndex = 0; path = "Wings Near Me.app"; sourceTree = BUILT_PRODUCTS_DIR; };
		9F08C41224690F900053CC42 /* AppDelegate.swift */ = {isa = PBXFileReference; lastKnownFileType = sourcecode.swift; path = AppDelegate.swift; sourceTree = "<group>"; };
		9F08C41424690F900053CC42 /* SceneDelegate.swift */ = {isa = PBXFileReference; lastKnownFileType = sourcecode.swift; path = SceneDelegate.swift; sourceTree = "<group>"; };
		9F08C41624690F900053CC42 /* FindWingsVC.swift */ = {isa = PBXFileReference; lastKnownFileType = sourcecode.swift; path = FindWingsVC.swift; sourceTree = "<group>"; };
		9F08C41924690F900053CC42 /* Base */ = {isa = PBXFileReference; lastKnownFileType = file.storyboard; name = Base; path = Base.lproj/Main.storyboard; sourceTree = "<group>"; };
		9F08C41B24690F910053CC42 /* Assets.xcassets */ = {isa = PBXFileReference; lastKnownFileType = folder.assetcatalog; path = Assets.xcassets; sourceTree = "<group>"; };
		9F08C41E24690F910053CC42 /* Base */ = {isa = PBXFileReference; lastKnownFileType = file.storyboard; name = Base; path = Base.lproj/LaunchScreen.storyboard; sourceTree = "<group>"; };
		9F08C42024690F910053CC42 /* Info.plist */ = {isa = PBXFileReference; lastKnownFileType = text.plist.xml; path = Info.plist; sourceTree = "<group>"; };
		9F08C42824690FAD0053CC42 /* APIManager.swift */ = {isa = PBXFileReference; lastKnownFileType = sourcecode.swift; path = APIManager.swift; sourceTree = "<group>"; };
		9F08C42A246914630053CC42 /* PlacesResponse.swift */ = {isa = PBXFileReference; lastKnownFileType = sourcecode.swift; path = PlacesResponse.swift; sourceTree = "<group>"; };
		9F20E6722485F5A30085E723 /* SettingsVC.swift */ = {isa = PBXFileReference; lastKnownFileType = sourcecode.swift; path = SettingsVC.swift; sourceTree = "<group>"; };
		9F2334632475895500C06EA3 /* RestaurantAnnotation.swift */ = {isa = PBXFileReference; lastKnownFileType = sourcecode.swift; path = RestaurantAnnotation.swift; sourceTree = "<group>"; };
		9F3F41342479A99200F00A56 /* RestaurantDetailVC.swift */ = {isa = PBXFileReference; lastKnownFileType = sourcecode.swift; path = RestaurantDetailVC.swift; sourceTree = "<group>"; };
		9F3F41362479BC5600F00A56 /* Restaurant.swift */ = {isa = PBXFileReference; lastKnownFileType = sourcecode.swift; path = Restaurant.swift; sourceTree = "<group>"; };
		9F3F413A247B299500F00A56 /* SideMenuVC.swift */ = {isa = PBXFileReference; lastKnownFileType = sourcecode.swift; path = SideMenuVC.swift; sourceTree = "<group>"; };
		9F4A3D2B24899BF3003D6D24 /* PlacesRequest.swift */ = {isa = PBXFileReference; lastKnownFileType = sourcecode.swift; path = PlacesRequest.swift; sourceTree = "<group>"; };
		9F4A3D2D24899CA4003D6D24 /* DetailRequest.swift */ = {isa = PBXFileReference; lastKnownFileType = sourcecode.swift; path = DetailRequest.swift; sourceTree = "<group>"; };
		9F71D840247C7535004EF23E /* FilterView.xib */ = {isa = PBXFileReference; lastKnownFileType = file.xib; path = FilterView.xib; sourceTree = "<group>"; };
		9F71D844247C75FD004EF23E /* FilterView.swift */ = {isa = PBXFileReference; fileEncoding = 4; lastKnownFileType = sourcecode.swift; path = FilterView.swift; sourceTree = "<group>"; };
		9F79152E247DE9F900C0ECE0 /* Review.swift */ = {isa = PBXFileReference; lastKnownFileType = sourcecode.swift; path = Review.swift; sourceTree = "<group>"; };
		9F791530247EDB4600C0ECE0 /* sidemenu-icon.json */ = {isa = PBXFileReference; fileEncoding = 4; lastKnownFileType = text.json; path = "sidemenu-icon.json"; sourceTree = "<group>"; };
		9F928757246B578D00E4DCCC /* RestaurantTableViewCell.xib */ = {isa = PBXFileReference; lastKnownFileType = file.xib; path = RestaurantTableViewCell.xib; sourceTree = "<group>"; };
		9F928759246B7A7200E4DCCC /* DetailResponse.swift */ = {isa = PBXFileReference; lastKnownFileType = sourcecode.swift; path = DetailResponse.swift; sourceTree = "<group>"; };
		9F9ABFD5247F6CE500787376 /* fries-icon.json */ = {isa = PBXFileReference; fileEncoding = 4; lastKnownFileType = text.json; path = "fries-icon.json"; sourceTree = "<group>"; };
		9F9ABFD6247F6CE500787376 /* sauce-icon.json */ = {isa = PBXFileReference; fileEncoding = 4; lastKnownFileType = text.json; path = "sauce-icon.json"; sourceTree = "<group>"; };
		9F9ABFD7247F6CE500787376 /* spice-icon.json */ = {isa = PBXFileReference; fileEncoding = 4; lastKnownFileType = text.json; path = "spice-icon.json"; sourceTree = "<group>"; };
		9F9ABFD8247F6CE500787376 /* chicken-icon.json */ = {isa = PBXFileReference; fileEncoding = 4; lastKnownFileType = text.json; path = "chicken-icon.json"; sourceTree = "<group>"; };
		9F9ABFDD247F761400787376 /* Extensions.swift */ = {isa = PBXFileReference; lastKnownFileType = sourcecode.swift; path = Extensions.swift; sourceTree = "<group>"; };
		9F9ABFE2247F827800787376 /* LottieSwitch.swift */ = {isa = PBXFileReference; fileEncoding = 4; lastKnownFileType = sourcecode.swift; path = LottieSwitch.swift; sourceTree = "<group>"; };
		9FB2C03D246B050600650946 /* RestaurantTableViewCell.swift */ = {isa = PBXFileReference; lastKnownFileType = sourcecode.swift; path = RestaurantTableViewCell.swift; sourceTree = "<group>"; };
		9FC6D5E124899549002F8044 /* GoogleResponse.swift */ = {isa = PBXFileReference; lastKnownFileType = sourcecode.swift; path = GoogleResponse.swift; sourceTree = "<group>"; };
		9FC6D5E524899815002F8044 /* GoogleRequest.swift */ = {isa = PBXFileReference; lastKnownFileType = sourcecode.swift; path = GoogleRequest.swift; sourceTree = "<group>"; };
		9FD2604C246F24E2003E3443 /* loading-tenders.json */ = {isa = PBXFileReference; fileEncoding = 4; lastKnownFileType = text.json; path = "loading-tenders.json"; sourceTree = "<group>"; };
		F1908D0AE2E48D5E98DC1F53 /* Pods-BuffaloChicken.debug.xcconfig */ = {isa = PBXFileReference; includeInIndex = 1; lastKnownFileType = text.xcconfig; name = "Pods-BuffaloChicken.debug.xcconfig"; path = "Target Support Files/Pods-BuffaloChicken/Pods-BuffaloChicken.debug.xcconfig"; sourceTree = "<group>"; };
		F837E01982443BD6CAB6D2BC /* Pods_BuffaloChicken.framework */ = {isa = PBXFileReference; explicitFileType = wrapper.framework; includeInIndex = 0; path = Pods_BuffaloChicken.framework; sourceTree = BUILT_PRODUCTS_DIR; };
/* End PBXFileReference section */

/* Begin PBXFrameworksBuildPhase section */
		9F08C40C24690F900053CC42 /* Frameworks */ = {
			isa = PBXFrameworksBuildPhase;
			buildActionMask = 2147483647;
			files = (
				43B779BAE3CF9486741F8041 /* Pods_BuffaloChicken.framework in Frameworks */,
			);
			runOnlyForDeploymentPostprocessing = 0;
		};
/* End PBXFrameworksBuildPhase section */

/* Begin PBXGroup section */
		7057BD79C36779EC41D94EDE /* Pods */ = {
			isa = PBXGroup;
			children = (
				F1908D0AE2E48D5E98DC1F53 /* Pods-BuffaloChicken.debug.xcconfig */,
				6BFF46863EFD21005D5672F1 /* Pods-BuffaloChicken.release.xcconfig */,
			);
			path = Pods;
			sourceTree = "<group>";
		};
		9E1243F233ED3E9126432D6E /* Frameworks */ = {
			isa = PBXGroup;
			children = (
				F837E01982443BD6CAB6D2BC /* Pods_BuffaloChicken.framework */,
			);
			name = Frameworks;
			sourceTree = "<group>";
		};
		9F08C40624690F900053CC42 = {
			isa = PBXGroup;
			children = (
				9F08C41124690F900053CC42 /* BuffaloChicken */,
				9F08C41024690F900053CC42 /* Products */,
				7057BD79C36779EC41D94EDE /* Pods */,
				9E1243F233ED3E9126432D6E /* Frameworks */,
			);
			sourceTree = "<group>";
		};
		9F08C41024690F900053CC42 /* Products */ = {
			isa = PBXGroup;
			children = (
				9F08C40F24690F900053CC42 /* Wings Near Me.app */,
			);
			name = Products;
			sourceTree = "<group>";
		};
		9F08C41124690F900053CC42 /* BuffaloChicken */ = {
			isa = PBXGroup;
			children = (
				9FD2604B246F24D5003E3443 /* LottieAnimations */,
				9F92875D246B7B1C00E4DCCC /* API */,
				9F92875C246B7B0800E4DCCC /* ViewControllers */,
				9F92875B246B7AF900E4DCCC /* Models */,
				9F92875E246B7B3000E4DCCC /* Xibs */,
				9F86DB612485A44B00984B42 /* Controls */,
				9F9ABFDF247F76E200787376 /* Helpers */,
				9F08C41224690F900053CC42 /* AppDelegate.swift */,
				9F08C41424690F900053CC42 /* SceneDelegate.swift */,
				9F08C41824690F900053CC42 /* Main.storyboard */,
				9F08C41B24690F910053CC42 /* Assets.xcassets */,
				9F08C41D24690F910053CC42 /* LaunchScreen.storyboard */,
				9F08C42024690F910053CC42 /* Info.plist */,
			);
			path = BuffaloChicken;
			sourceTree = "<group>";
		};
		9F4A3D2924899BD0003D6D24 /* Response */ = {
			isa = PBXGroup;
			children = (
				9FC6D5E124899549002F8044 /* GoogleResponse.swift */,
				9F08C42A246914630053CC42 /* PlacesResponse.swift */,
				9F928759246B7A7200E4DCCC /* DetailResponse.swift */,
			);
			path = Response;
			sourceTree = "<group>";
		};
		9F4A3D2A24899BD6003D6D24 /* Request */ = {
			isa = PBXGroup;
			children = (
				9FC6D5E524899815002F8044 /* GoogleRequest.swift */,
				9F4A3D2B24899BF3003D6D24 /* PlacesRequest.swift */,
				9F4A3D2D24899CA4003D6D24 /* DetailRequest.swift */,
			);
			path = Request;
			sourceTree = "<group>";
		};
		9F86DB612485A44B00984B42 /* Controls */ = {
			isa = PBXGroup;
			children = (
				9F9ABFE2247F827800787376 /* LottieSwitch.swift */,
			);
			path = Controls;
			sourceTree = "<group>";
		};
		9F92875B246B7AF900E4DCCC /* Models */ = {
			isa = PBXGroup;
			children = (
				9FC6D5E724899855002F8044 /* API */,
				9FC6D5E824899862002F8044 /* Data */,
			);
			path = Models;
			sourceTree = "<group>";
		};
		9F92875C246B7B0800E4DCCC /* ViewControllers */ = {
			isa = PBXGroup;
			children = (
				9F08C41624690F900053CC42 /* FindWingsVC.swift */,
				9F3F41342479A99200F00A56 /* RestaurantDetailVC.swift */,
				9F3F413A247B299500F00A56 /* SideMenuVC.swift */,
				9F20E6722485F5A30085E723 /* SettingsVC.swift */,
			);
			path = ViewControllers;
			sourceTree = "<group>";
		};
		9F92875D246B7B1C00E4DCCC /* API */ = {
			isa = PBXGroup;
			children = (
				9F08C42824690FAD0053CC42 /* APIManager.swift */,
			);
			path = API;
			sourceTree = "<group>";
		};
		9F92875E246B7B3000E4DCCC /* Xibs */ = {
			isa = PBXGroup;
			children = (
				9F71D840247C7535004EF23E /* FilterView.xib */,
				9F71D844247C75FD004EF23E /* FilterView.swift */,
				9FB2C03D246B050600650946 /* RestaurantTableViewCell.swift */,
				9F928757246B578D00E4DCCC /* RestaurantTableViewCell.xib */,
			);
			path = Xibs;
			sourceTree = "<group>";
		};
		9F9ABFDF247F76E200787376 /* Helpers */ = {
			isa = PBXGroup;
			children = (
				9F9ABFDD247F761400787376 /* Extensions.swift */,
			);
			path = Helpers;
			sourceTree = "<group>";
		};
		9FC6D5E724899855002F8044 /* API */ = {
			isa = PBXGroup;
			children = (
				9F4A3D2A24899BD6003D6D24 /* Request */,
				9F4A3D2924899BD0003D6D24 /* Response */,
			);
			path = API;
			sourceTree = "<group>";
		};
		9FC6D5E824899862002F8044 /* Data */ = {
			isa = PBXGroup;
			children = (
				9F3F41362479BC5600F00A56 /* Restaurant.swift */,
				9F2334632475895500C06EA3 /* RestaurantAnnotation.swift */,
				9F79152E247DE9F900C0ECE0 /* Review.swift */,
			);
			path = Data;
			sourceTree = "<group>";
		};
		9FD2604B246F24D5003E3443 /* LottieAnimations */ = {
			isa = PBXGroup;
			children = (
				9F9ABFD8247F6CE500787376 /* chicken-icon.json */,
				9F9ABFD5247F6CE500787376 /* fries-icon.json */,
				9F9ABFD6247F6CE500787376 /* sauce-icon.json */,
				9F9ABFD7247F6CE500787376 /* spice-icon.json */,
				9F791530247EDB4600C0ECE0 /* sidemenu-icon.json */,
				9FD2604C246F24E2003E3443 /* loading-tenders.json */,
			);
			path = LottieAnimations;
			sourceTree = "<group>";
		};
/* End PBXGroup section */

/* Begin PBXNativeTarget section */
		9F08C40E24690F900053CC42 /* BuffaloChicken */ = {
			isa = PBXNativeTarget;
			buildConfigurationList = 9F08C42324690F910053CC42 /* Build configuration list for PBXNativeTarget "BuffaloChicken" */;
			buildPhases = (
				2D359DCA61834CA7D49FE525 /* [CP] Check Pods Manifest.lock */,
				9F08C40B24690F900053CC42 /* Sources */,
				9F08C40C24690F900053CC42 /* Frameworks */,
				9F08C40D24690F900053CC42 /* Resources */,
				ED47F34579F443513756960F /* [CP] Embed Pods Frameworks */,
			);
			buildRules = (
			);
			dependencies = (
			);
			name = BuffaloChicken;
			productName = BuffaloChicken;
			productReference = 9F08C40F24690F900053CC42 /* Wings Near Me.app */;
			productType = "com.apple.product-type.application";
		};
/* End PBXNativeTarget section */

/* Begin PBXProject section */
		9F08C40724690F900053CC42 /* Project object */ = {
			isa = PBXProject;
			attributes = {
				LastSwiftUpdateCheck = 1140;
				LastUpgradeCheck = 1140;
				ORGANIZATIONNAME = "Sam Doggett";
				TargetAttributes = {
					9F08C40E24690F900053CC42 = {
						CreatedOnToolsVersion = 11.4.1;
					};
				};
			};
			buildConfigurationList = 9F08C40A24690F900053CC42 /* Build configuration list for PBXProject "BuffaloChicken" */;
			compatibilityVersion = "Xcode 9.3";
			developmentRegion = en;
			hasScannedForEncodings = 0;
			knownRegions = (
				en,
				Base,
			);
			mainGroup = 9F08C40624690F900053CC42;
			productRefGroup = 9F08C41024690F900053CC42 /* Products */;
			projectDirPath = "";
			projectRoot = "";
			targets = (
				9F08C40E24690F900053CC42 /* BuffaloChicken */,
			);
		};
/* End PBXProject section */

/* Begin PBXResourcesBuildPhase section */
		9F08C40D24690F900053CC42 /* Resources */ = {
			isa = PBXResourcesBuildPhase;
			buildActionMask = 2147483647;
			files = (
				9F71D841247C7535004EF23E /* FilterView.xib in Resources */,
				9F928758246B578D00E4DCCC /* RestaurantTableViewCell.xib in Resources */,
				9F9ABFDA247F6CE500787376 /* sauce-icon.json in Resources */,
				9F08C41F24690F910053CC42 /* LaunchScreen.storyboard in Resources */,
				9F9ABFDC247F6CE500787376 /* chicken-icon.json in Resources */,
				9FD2604D246F24E3003E3443 /* loading-tenders.json in Resources */,
				9F9ABFDB247F6CE500787376 /* spice-icon.json in Resources */,
				9F08C41C24690F910053CC42 /* Assets.xcassets in Resources */,
				9F9ABFD9247F6CE500787376 /* fries-icon.json in Resources */,
				9F08C41A24690F900053CC42 /* Main.storyboard in Resources */,
				9F791531247EDB4600C0ECE0 /* sidemenu-icon.json in Resources */,
			);
			runOnlyForDeploymentPostprocessing = 0;
		};
/* End PBXResourcesBuildPhase section */

/* Begin PBXShellScriptBuildPhase section */
		2D359DCA61834CA7D49FE525 /* [CP] Check Pods Manifest.lock */ = {
			isa = PBXShellScriptBuildPhase;
			buildActionMask = 2147483647;
			files = (
			);
			inputFileListPaths = (
			);
			inputPaths = (
				"${PODS_PODFILE_DIR_PATH}/Podfile.lock",
				"${PODS_ROOT}/Manifest.lock",
			);
			name = "[CP] Check Pods Manifest.lock";
			outputFileListPaths = (
			);
			outputPaths = (
				"$(DERIVED_FILE_DIR)/Pods-BuffaloChicken-checkManifestLockResult.txt",
			);
			runOnlyForDeploymentPostprocessing = 0;
			shellPath = /bin/sh;
			shellScript = "diff \"${PODS_PODFILE_DIR_PATH}/Podfile.lock\" \"${PODS_ROOT}/Manifest.lock\" > /dev/null\nif [ $? != 0 ] ; then\n    # print error to STDERR\n    echo \"error: The sandbox is not in sync with the Podfile.lock. Run 'pod install' or update your CocoaPods installation.\" >&2\n    exit 1\nfi\n# This output is used by Xcode 'outputs' to avoid re-running this script phase.\necho \"SUCCESS\" > \"${SCRIPT_OUTPUT_FILE_0}\"\n";
			showEnvVarsInLog = 0;
		};
		ED47F34579F443513756960F /* [CP] Embed Pods Frameworks */ = {
			isa = PBXShellScriptBuildPhase;
			buildActionMask = 2147483647;
			files = (
			);
			inputFileListPaths = (
				"${PODS_ROOT}/Target Support Files/Pods-BuffaloChicken/Pods-BuffaloChicken-frameworks-${CONFIGURATION}-input-files.xcfilelist",
			);
			name = "[CP] Embed Pods Frameworks";
			outputFileListPaths = (
				"${PODS_ROOT}/Target Support Files/Pods-BuffaloChicken/Pods-BuffaloChicken-frameworks-${CONFIGURATION}-output-files.xcfilelist",
			);
			runOnlyForDeploymentPostprocessing = 0;
			shellPath = /bin/sh;
			shellScript = "\"${PODS_ROOT}/Target Support Files/Pods-BuffaloChicken/Pods-BuffaloChicken-frameworks.sh\"\n";
			showEnvVarsInLog = 0;
		};
/* End PBXShellScriptBuildPhase section */

/* Begin PBXSourcesBuildPhase section */
		9F08C40B24690F900053CC42 /* Sources */ = {
			isa = PBXSourcesBuildPhase;
			buildActionMask = 2147483647;
			files = (
				9F3F413B247B299500F00A56 /* SideMenuVC.swift in Sources */,
				9F08C42924690FAD0053CC42 /* APIManager.swift in Sources */,
				9F92875A246B7A7200E4DCCC /* DetailResponse.swift in Sources */,
				9F9ABFE3247F827800787376 /* LottieSwitch.swift in Sources */,
				9F08C41724690F900053CC42 /* FindWingsVC.swift in Sources */,
				9F20E6732485F5A30085E723 /* SettingsVC.swift in Sources */,
				9F4A3D2E24899CA4003D6D24 /* DetailRequest.swift in Sources */,
				9FC6D5E624899815002F8044 /* GoogleRequest.swift in Sources */,
				9F08C41324690F900053CC42 /* AppDelegate.swift in Sources */,
				9F2334642475895500C06EA3 /* RestaurantAnnotation.swift in Sources */,
				9F08C41524690F900053CC42 /* SceneDelegate.swift in Sources */,
				9FB2C03E246B050600650946 /* RestaurantTableViewCell.swift in Sources */,
				9F3F41372479BC5600F00A56 /* Restaurant.swift in Sources */,
				9F79152F247DE9F900C0ECE0 /* Review.swift in Sources */,
				9F9ABFDE247F761400787376 /* Extensions.swift in Sources */,
				9FC6D5E224899549002F8044 /* GoogleResponse.swift in Sources */,
				9F4A3D2C24899BF3003D6D24 /* PlacesRequest.swift in Sources */,
				9F3F41352479A99200F00A56 /* RestaurantDetailVC.swift in Sources */,
				9F08C42B246914630053CC42 /* PlacesResponse.swift in Sources */,
				9F71D845247C75FD004EF23E /* FilterView.swift in Sources */,
			);
			runOnlyForDeploymentPostprocessing = 0;
		};
/* End PBXSourcesBuildPhase section */

/* Begin PBXVariantGroup section */
		9F08C41824690F900053CC42 /* Main.storyboard */ = {
			isa = PBXVariantGroup;
			children = (
				9F08C41924690F900053CC42 /* Base */,
			);
			name = Main.storyboard;
			sourceTree = "<group>";
		};
		9F08C41D24690F910053CC42 /* LaunchScreen.storyboard */ = {
			isa = PBXVariantGroup;
			children = (
				9F08C41E24690F910053CC42 /* Base */,
			);
			name = LaunchScreen.storyboard;
			sourceTree = "<group>";
		};
/* End PBXVariantGroup section */

/* Begin XCBuildConfiguration section */
		9F08C42124690F910053CC42 /* Debug */ = {
			isa = XCBuildConfiguration;
			buildSettings = {
				ALWAYS_SEARCH_USER_PATHS = NO;
				CLANG_ANALYZER_NONNULL = YES;
				CLANG_ANALYZER_NUMBER_OBJECT_CONVERSION = YES_AGGRESSIVE;
				CLANG_CXX_LANGUAGE_STANDARD = "gnu++14";
				CLANG_CXX_LIBRARY = "libc++";
				CLANG_ENABLE_MODULES = YES;
				CLANG_ENABLE_OBJC_ARC = YES;
				CLANG_ENABLE_OBJC_WEAK = YES;
				CLANG_WARN_BLOCK_CAPTURE_AUTORELEASING = YES;
				CLANG_WARN_BOOL_CONVERSION = YES;
				CLANG_WARN_COMMA = YES;
				CLANG_WARN_CONSTANT_CONVERSION = YES;
				CLANG_WARN_DEPRECATED_OBJC_IMPLEMENTATIONS = YES;
				CLANG_WARN_DIRECT_OBJC_ISA_USAGE = YES_ERROR;
				CLANG_WARN_DOCUMENTATION_COMMENTS = YES;
				CLANG_WARN_EMPTY_BODY = YES;
				CLANG_WARN_ENUM_CONVERSION = YES;
				CLANG_WARN_INFINITE_RECURSION = YES;
				CLANG_WARN_INT_CONVERSION = YES;
				CLANG_WARN_NON_LITERAL_NULL_CONVERSION = YES;
				CLANG_WARN_OBJC_IMPLICIT_RETAIN_SELF = YES;
				CLANG_WARN_OBJC_LITERAL_CONVERSION = YES;
				CLANG_WARN_OBJC_ROOT_CLASS = YES_ERROR;
				CLANG_WARN_RANGE_LOOP_ANALYSIS = YES;
				CLANG_WARN_STRICT_PROTOTYPES = YES;
				CLANG_WARN_SUSPICIOUS_MOVE = YES;
				CLANG_WARN_UNGUARDED_AVAILABILITY = YES_AGGRESSIVE;
				CLANG_WARN_UNREACHABLE_CODE = YES;
				CLANG_WARN__DUPLICATE_METHOD_MATCH = YES;
				COPY_PHASE_STRIP = NO;
				DEBUG_INFORMATION_FORMAT = dwarf;
				ENABLE_STRICT_OBJC_MSGSEND = YES;
				ENABLE_TESTABILITY = YES;
				GCC_C_LANGUAGE_STANDARD = gnu11;
				GCC_DYNAMIC_NO_PIC = NO;
				GCC_NO_COMMON_BLOCKS = YES;
				GCC_OPTIMIZATION_LEVEL = 0;
				GCC_PREPROCESSOR_DEFINITIONS = (
					"DEBUG=1",
					"$(inherited)",
				);
				GCC_WARN_64_TO_32_BIT_CONVERSION = YES;
				GCC_WARN_ABOUT_RETURN_TYPE = YES_ERROR;
				GCC_WARN_UNDECLARED_SELECTOR = YES;
				GCC_WARN_UNINITIALIZED_AUTOS = YES_AGGRESSIVE;
				GCC_WARN_UNUSED_FUNCTION = YES;
				GCC_WARN_UNUSED_VARIABLE = YES;
				IPHONEOS_DEPLOYMENT_TARGET = 13.4;
				MTL_ENABLE_DEBUG_INFO = INCLUDE_SOURCE;
				MTL_FAST_MATH = YES;
				ONLY_ACTIVE_ARCH = YES;
				SDKROOT = iphoneos;
				SWIFT_ACTIVE_COMPILATION_CONDITIONS = DEBUG;
				SWIFT_OPTIMIZATION_LEVEL = "-Onone";
			};
			name = Debug;
		};
		9F08C42224690F910053CC42 /* Release */ = {
			isa = XCBuildConfiguration;
			buildSettings = {
				ALWAYS_SEARCH_USER_PATHS = NO;
				CLANG_ANALYZER_NONNULL = YES;
				CLANG_ANALYZER_NUMBER_OBJECT_CONVERSION = YES_AGGRESSIVE;
				CLANG_CXX_LANGUAGE_STANDARD = "gnu++14";
				CLANG_CXX_LIBRARY = "libc++";
				CLANG_ENABLE_MODULES = YES;
				CLANG_ENABLE_OBJC_ARC = YES;
				CLANG_ENABLE_OBJC_WEAK = YES;
				CLANG_WARN_BLOCK_CAPTURE_AUTORELEASING = YES;
				CLANG_WARN_BOOL_CONVERSION = YES;
				CLANG_WARN_COMMA = YES;
				CLANG_WARN_CONSTANT_CONVERSION = YES;
				CLANG_WARN_DEPRECATED_OBJC_IMPLEMENTATIONS = YES;
				CLANG_WARN_DIRECT_OBJC_ISA_USAGE = YES_ERROR;
				CLANG_WARN_DOCUMENTATION_COMMENTS = YES;
				CLANG_WARN_EMPTY_BODY = YES;
				CLANG_WARN_ENUM_CONVERSION = YES;
				CLANG_WARN_INFINITE_RECURSION = YES;
				CLANG_WARN_INT_CONVERSION = YES;
				CLANG_WARN_NON_LITERAL_NULL_CONVERSION = YES;
				CLANG_WARN_OBJC_IMPLICIT_RETAIN_SELF = YES;
				CLANG_WARN_OBJC_LITERAL_CONVERSION = YES;
				CLANG_WARN_OBJC_ROOT_CLASS = YES_ERROR;
				CLANG_WARN_RANGE_LOOP_ANALYSIS = YES;
				CLANG_WARN_STRICT_PROTOTYPES = YES;
				CLANG_WARN_SUSPICIOUS_MOVE = YES;
				CLANG_WARN_UNGUARDED_AVAILABILITY = YES_AGGRESSIVE;
				CLANG_WARN_UNREACHABLE_CODE = YES;
				CLANG_WARN__DUPLICATE_METHOD_MATCH = YES;
				COPY_PHASE_STRIP = NO;
				DEBUG_INFORMATION_FORMAT = "dwarf-with-dsym";
				ENABLE_NS_ASSERTIONS = NO;
				ENABLE_STRICT_OBJC_MSGSEND = YES;
				GCC_C_LANGUAGE_STANDARD = gnu11;
				GCC_NO_COMMON_BLOCKS = YES;
				GCC_WARN_64_TO_32_BIT_CONVERSION = YES;
				GCC_WARN_ABOUT_RETURN_TYPE = YES_ERROR;
				GCC_WARN_UNDECLARED_SELECTOR = YES;
				GCC_WARN_UNINITIALIZED_AUTOS = YES_AGGRESSIVE;
				GCC_WARN_UNUSED_FUNCTION = YES;
				GCC_WARN_UNUSED_VARIABLE = YES;
				IPHONEOS_DEPLOYMENT_TARGET = 13.4;
				MTL_ENABLE_DEBUG_INFO = NO;
				MTL_FAST_MATH = YES;
				SDKROOT = iphoneos;
				SWIFT_COMPILATION_MODE = wholemodule;
				SWIFT_OPTIMIZATION_LEVEL = "-O";
				VALIDATE_PRODUCT = YES;
			};
			name = Release;
		};
		9F08C42424690F910053CC42 /* Debug */ = {
			isa = XCBuildConfiguration;
			baseConfigurationReference = F1908D0AE2E48D5E98DC1F53 /* Pods-BuffaloChicken.debug.xcconfig */;
			buildSettings = {
				ASSETCATALOG_COMPILER_APPICON_NAME = AppIcon;
				CODE_SIGN_STYLE = Automatic;
				DEVELOPMENT_TEAM = 8L782G9K5P;
				INFOPLIST_FILE = BuffaloChicken/Info.plist;
				LD_RUNPATH_SEARCH_PATHS = (
					"$(inherited)",
					"@executable_path/Frameworks",
				);
				MARKETING_VERSION = 0.1;
				PRODUCT_BUNDLE_IDENTIFIER = com.samdoggett.WingsNearMe;
				PRODUCT_NAME = "Wings Near Me";
				SWIFT_VERSION = 5.0;
				TARGETED_DEVICE_FAMILY = 1;
			};
			name = Debug;
		};
		9F08C42524690F910053CC42 /* Release */ = {
			isa = XCBuildConfiguration;
			baseConfigurationReference = 6BFF46863EFD21005D5672F1 /* Pods-BuffaloChicken.release.xcconfig */;
			buildSettings = {
				ASSETCATALOG_COMPILER_APPICON_NAME = AppIcon;
				CODE_SIGN_STYLE = Automatic;
				DEVELOPMENT_TEAM = 8L782G9K5P;
				INFOPLIST_FILE = BuffaloChicken/Info.plist;
				LD_RUNPATH_SEARCH_PATHS = (
					"$(inherited)",
					"@executable_path/Frameworks",
				);
				MARKETING_VERSION = 0.1;
				PRODUCT_BUNDLE_IDENTIFIER = com.samdoggett.WingsNearMe;
				PRODUCT_NAME = "Wings Near Me";
				SWIFT_VERSION = 5.0;
				TARGETED_DEVICE_FAMILY = 1;
			};
			name = Release;
		};
/* End XCBuildConfiguration section */

/* Begin XCConfigurationList section */
		9F08C40A24690F900053CC42 /* Build configuration list for PBXProject "BuffaloChicken" */ = {
			isa = XCConfigurationList;
			buildConfigurations = (
				9F08C42124690F910053CC42 /* Debug */,
				9F08C42224690F910053CC42 /* Release */,
			);
			defaultConfigurationIsVisible = 0;
			defaultConfigurationName = Release;
		};
		9F08C42324690F910053CC42 /* Build configuration list for PBXNativeTarget "BuffaloChicken" */ = {
			isa = XCConfigurationList;
			buildConfigurations = (
				9F08C42424690F910053CC42 /* Debug */,
				9F08C42524690F910053CC42 /* Release */,
			);
			defaultConfigurationIsVisible = 0;
			defaultConfigurationName = Release;
		};
/* End XCConfigurationList section */
	};
	rootObject = 9F08C40724690F900053CC42 /* Project object */;
}
